
Microsoft Visual Studio Solution File, Format Version 12.00
# Visual Studio Version 17
VisualStudioVersion = 17.4.33213.308
MinimumVisualStudioVersion = 10.0.40219.1
Project("{FAE04EC0-301F-11D3-BF4B-00C04F79EFBC}") = "Battleship", "Battleship.csproj", "{A2FC6B25-9EEB-4764-9416-6735C32E5C6D}"
EndProject
Global
	GlobalSection(SolutionConfigurationPlatforms) = preSolution
		Debug|Any CPU = Debug|Any CPU
		Release|Any CPU = Release|Any CPU
	EndGlobalSection
	GlobalSection(ProjectConfigurationPlatforms) = postSolution
		{A2FC6B25-9EEB-4764-9416-6735C32E5C6D}.Debug|Any CPU.ActiveCfg = Debug|Any CPU
		{A2FC6B25-9EEB-4764-9416-6735C32E5C6D}.Debug|Any CPU.Build.0 = Debug|Any CPU
		{A2FC6B25-9EEB-4764-9416-6735C32E5C6D}.Release|Any CPU.ActiveCfg = Release|Any CPU
		{A2FC6B25-9EEB-4764-9416-6735C32E5C6D}.Release|Any CPU.Build.0 = Release|Any CPU
	EndGlobalSection
	GlobalSection(SolutionProperties) = preSolution
		HideSolutionNode = FALSE
	EndGlobalSection
	GlobalSection(ExtensibilityGlobals) = postSolution
		SolutionGuid = {F9B8546F-B169-4D01-805E-4D8E18DB6C4A}
	EndGlobalSection
EndGlobal
